// !$*UTF8*$!
{
	archiveVersion = 1;
	classes = {
	};
	objectVersion = 55;
	objects = {

/* Begin PBXBuildFile section */
		88788CE728BE10140035CB0F /* GeneralView.swift in Sources */ = {isa = PBXBuildFile; fileRef = 88788CE628BE10140035CB0F /* GeneralView.swift */; };
		9B66461F28B6457200E6692B /* AppDelegate.swift in Sources */ = {isa = PBXBuildFile; fileRef = 9B66461E28B6457200E6692B /* AppDelegate.swift */; };
		9B66462128B6457200E6692B /* SceneDelegate.swift in Sources */ = {isa = PBXBuildFile; fileRef = 9B66462028B6457200E6692B /* SceneDelegate.swift */; };
		9B66462328B6457200E6692B /* ViewController.swift in Sources */ = {isa = PBXBuildFile; fileRef = 9B66462228B6457200E6692B /* ViewController.swift */; };
		9B66462628B6457200E6692B /* Main.storyboard in Resources */ = {isa = PBXBuildFile; fileRef = 9B66462428B6457200E6692B /* Main.storyboard */; };
		9B66462828B6457400E6692B /* Assets.xcassets in Resources */ = {isa = PBXBuildFile; fileRef = 9B66462728B6457400E6692B /* Assets.xcassets */; };
		9B66462B28B6457500E6692B /* LaunchScreen.storyboard in Resources */ = {isa = PBXBuildFile; fileRef = 9B66462928B6457500E6692B /* LaunchScreen.storyboard */; };
		A84C42AE8F259E251C1FF5BD /* Pods_NewRelic_App_test.framework in Frameworks */ = {isa = PBXBuildFile; fileRef = AAAD1299FC89653AF7697D10 /* Pods_NewRelic_App_test.framework */; };
/* End PBXBuildFile section */

/* Begin PBXFileReference section */
		86E8763B0D1A16F99A72955A /* Pods-NewRelic App test.release.xcconfig */ = {isa = PBXFileReference; includeInIndex = 1; lastKnownFileType = text.xcconfig; name = "Pods-NewRelic App test.release.xcconfig"; path = "Target Support Files/Pods-NewRelic App test/Pods-NewRelic App test.release.xcconfig"; sourceTree = "<group>"; };
		88788CE628BE10140035CB0F /* GeneralView.swift */ = {isa = PBXFileReference; lastKnownFileType = sourcecode.swift; path = GeneralView.swift; sourceTree = "<group>"; };
		8A145AF9CA01FCE8E36CA7FC /* Pods-NewRelic App test.debug.xcconfig */ = {isa = PBXFileReference; includeInIndex = 1; lastKnownFileType = text.xcconfig; name = "Pods-NewRelic App test.debug.xcconfig"; path = "Target Support Files/Pods-NewRelic App test/Pods-NewRelic App test.debug.xcconfig"; sourceTree = "<group>"; };
		9B66461B28B6457200E6692B /* NewRelic App test.app */ = {isa = PBXFileReference; explicitFileType = wrapper.application; includeInIndex = 0; path = "NewRelic App test.app"; sourceTree = BUILT_PRODUCTS_DIR; };
		9B66461E28B6457200E6692B /* AppDelegate.swift */ = {isa = PBXFileReference; lastKnownFileType = sourcecode.swift; path = AppDelegate.swift; sourceTree = "<group>"; };
		9B66462028B6457200E6692B /* SceneDelegate.swift */ = {isa = PBXFileReference; lastKnownFileType = sourcecode.swift; path = SceneDelegate.swift; sourceTree = "<group>"; };
		9B66462228B6457200E6692B /* ViewController.swift */ = {isa = PBXFileReference; lastKnownFileType = sourcecode.swift; path = ViewController.swift; sourceTree = "<group>"; };
		9B66462528B6457200E6692B /* Base */ = {isa = PBXFileReference; lastKnownFileType = file.storyboard; name = Base; path = Base.lproj/Main.storyboard; sourceTree = "<group>"; };
		9B66462728B6457400E6692B /* Assets.xcassets */ = {isa = PBXFileReference; lastKnownFileType = folder.assetcatalog; path = Assets.xcassets; sourceTree = "<group>"; };
		9B66462A28B6457500E6692B /* Base */ = {isa = PBXFileReference; lastKnownFileType = file.storyboard; name = Base; path = Base.lproj/LaunchScreen.storyboard; sourceTree = "<group>"; };
		9B66462C28B6457500E6692B /* Info.plist */ = {isa = PBXFileReference; lastKnownFileType = text.plist.xml; path = Info.plist; sourceTree = "<group>"; };
		AAAD1299FC89653AF7697D10 /* Pods_NewRelic_App_test.framework */ = {isa = PBXFileReference; explicitFileType = wrapper.framework; includeInIndex = 0; path = Pods_NewRelic_App_test.framework; sourceTree = BUILT_PRODUCTS_DIR; };
/* End PBXFileReference section */

/* Begin PBXFrameworksBuildPhase section */
		9B66461828B6457200E6692B /* Frameworks */ = {
			isa = PBXFrameworksBuildPhase;
			buildActionMask = 2147483647;
			files = (
				A84C42AE8F259E251C1FF5BD /* Pods_NewRelic_App_test.framework in Frameworks */,
			);
			runOnlyForDeploymentPostprocessing = 0;
		};
/* End PBXFrameworksBuildPhase section */

/* Begin PBXGroup section */
		2D151C3686332772F14494BD /* Pods */ = {
			isa = PBXGroup;
			children = (
				8A145AF9CA01FCE8E36CA7FC /* Pods-NewRelic App test.debug.xcconfig */,
				86E8763B0D1A16F99A72955A /* Pods-NewRelic App test.release.xcconfig */,
			);
			path = Pods;
			sourceTree = "<group>";
		};
		88788CE228BE0F450035CB0F /* UIExtension */ = {
			isa = PBXGroup;
			children = (
				88788CE328BE0F5D0035CB0F /* UIView */,
			);
			path = UIExtension;
			sourceTree = "<group>";
		};
		88788CE328BE0F5D0035CB0F /* UIView */ = {
			isa = PBXGroup;
			children = (
				88788CE628BE10140035CB0F /* GeneralView.swift */,
			);
			path = UIView;
			sourceTree = "<group>";
		};
		9B66461228B6457200E6692B = {
			isa = PBXGroup;
			children = (
				9B66461D28B6457200E6692B /* NewRelic App test */,
				9B66461C28B6457200E6692B /* Products */,
				2D151C3686332772F14494BD /* Pods */,
				EDCD2844CD63B44E7696C523 /* Frameworks */,
			);
			sourceTree = "<group>";
		};
		9B66461C28B6457200E6692B /* Products */ = {
			isa = PBXGroup;
			children = (
				9B66461B28B6457200E6692B /* NewRelic App test.app */,
			);
			name = Products;
			sourceTree = "<group>";
		};
		9B66461D28B6457200E6692B /* NewRelic App test */ = {
			isa = PBXGroup;
			children = (
				88788CE228BE0F450035CB0F /* UIExtension */,
				9B66461E28B6457200E6692B /* AppDelegate.swift */,
				9B66462028B6457200E6692B /* SceneDelegate.swift */,
				9B66462228B6457200E6692B /* ViewController.swift */,
				9B66462428B6457200E6692B /* Main.storyboard */,
				9B66462728B6457400E6692B /* Assets.xcassets */,
				9B66462928B6457500E6692B /* LaunchScreen.storyboard */,
				9B66462C28B6457500E6692B /* Info.plist */,
			);
			path = "NewRelic App test";
			sourceTree = "<group>";
		};
		EDCD2844CD63B44E7696C523 /* Frameworks */ = {
			isa = PBXGroup;
			children = (
				AAAD1299FC89653AF7697D10 /* Pods_NewRelic_App_test.framework */,
			);
			name = Frameworks;
			sourceTree = "<group>";
		};
/* End PBXGroup section */

/* Begin PBXNativeTarget section */
		9B66461A28B6457200E6692B /* NewRelic App test */ = {
			isa = PBXNativeTarget;
			buildConfigurationList = 9B66462F28B6457500E6692B /* Build configuration list for PBXNativeTarget "NewRelic App test" */;
			buildPhases = (
				717E0B9039F458D3A3FB0EE8 /* [CP] Check Pods Manifest.lock */,
				9B66461728B6457200E6692B /* Sources */,
				9B66461828B6457200E6692B /* Frameworks */,
				9B66461928B6457200E6692B /* Resources */,
				93C0E534BA784D46F466707C /* [CP] Embed Pods Frameworks */,
			);
			buildRules = (
			);
			dependencies = (
			);
			name = "NewRelic App test";
			productName = "NewRelic App test";
			productReference = 9B66461B28B6457200E6692B /* NewRelic App test.app */;
			productType = "com.apple.product-type.application";
		};
/* End PBXNativeTarget section */

/* Begin PBXProject section */
		9B66461328B6457200E6692B /* Project object */ = {
			isa = PBXProject;
			attributes = {
				BuildIndependentTargetsInParallel = 1;
				LastSwiftUpdateCheck = 1330;
				LastUpgradeCheck = 1330;
				TargetAttributes = {
					9B66461A28B6457200E6692B = {
						CreatedOnToolsVersion = 13.3.1;
					};
				};
			};
			buildConfigurationList = 9B66461628B6457200E6692B /* Build configuration list for PBXProject "NewRelic App test" */;
			compatibilityVersion = "Xcode 13.0";
			developmentRegion = en;
			hasScannedForEncodings = 0;
			knownRegions = (
				en,
				Base,
			);
			mainGroup = 9B66461228B6457200E6692B;
			productRefGroup = 9B66461C28B6457200E6692B /* Products */;
			projectDirPath = "";
			projectRoot = "";
			targets = (
				9B66461A28B6457200E6692B /* NewRelic App test */,
			);
		};
/* End PBXProject section */

/* Begin PBXResourcesBuildPhase section */
		9B66461928B6457200E6692B /* Resources */ = {
			isa = PBXResourcesBuildPhase;
			buildActionMask = 2147483647;
			files = (
				9B66462B28B6457500E6692B /* LaunchScreen.storyboard in Resources */,
				9B66462828B6457400E6692B /* Assets.xcassets in Resources */,
				9B66462628B6457200E6692B /* Main.storyboard in Resources */,
			);
			runOnlyForDeploymentPostprocessing = 0;
		};
/* End PBXResourcesBuildPhase section */

/* Begin PBXShellScriptBuildPhase section */
		717E0B9039F458D3A3FB0EE8 /* [CP] Check Pods Manifest.lock */ = {
			isa = PBXShellScriptBuildPhase;
			buildActionMask = 2147483647;
			files = (
			);
			inputFileListPaths = (
			);
			inputPaths = (
				"${PODS_PODFILE_DIR_PATH}/Podfile.lock",
				"${PODS_ROOT}/Manifest.lock",
			);
			name = "[CP] Check Pods Manifest.lock";
			outputFileListPaths = (
			);
			outputPaths = (
				"$(DERIVED_FILE_DIR)/Pods-NewRelic App test-checkManifestLockResult.txt",
			);
			runOnlyForDeploymentPostprocessing = 0;
			shellPath = /bin/sh;
			shellScript = "diff \"${PODS_PODFILE_DIR_PATH}/Podfile.lock\" \"${PODS_ROOT}/Manifest.lock\" > /dev/null\nif [ $? != 0 ] ; then\n    # print error to STDERR\n    echo \"error: The sandbox is not in sync with the Podfile.lock. Run 'pod install' or update your CocoaPods installation.\" >&2\n    exit 1\nfi\n# This output is used by Xcode 'outputs' to avoid re-running this script phase.\necho \"SUCCESS\" > \"${SCRIPT_OUTPUT_FILE_0}\"\n";
			showEnvVarsInLog = 0;
		};
		93C0E534BA784D46F466707C /* [CP] Embed Pods Frameworks */ = {
			isa = PBXShellScriptBuildPhase;
			buildActionMask = 2147483647;
			files = (
			);
			inputFileListPaths = (
				"${PODS_ROOT}/Target Support Files/Pods-NewRelic App test/Pods-NewRelic App test-frameworks-${CONFIGURATION}-input-files.xcfilelist",
			);
			name = "[CP] Embed Pods Frameworks";
			outputFileListPaths = (
				"${PODS_ROOT}/Target Support Files/Pods-NewRelic App test/Pods-NewRelic App test-frameworks-${CONFIGURATION}-output-files.xcfilelist",
			);
			runOnlyForDeploymentPostprocessing = 0;
			shellPath = /bin/sh;
			shellScript = "\"${PODS_ROOT}/Target Support Files/Pods-NewRelic App test/Pods-NewRelic App test-frameworks.sh\"\n";
			showEnvVarsInLog = 0;
		};
/* End PBXShellScriptBuildPhase section */

/* Begin PBXSourcesBuildPhase section */
		9B66461728B6457200E6692B /* Sources */ = {
			isa = PBXSourcesBuildPhase;
			buildActionMask = 2147483647;
			files = (
				9B66462328B6457200E6692B /* ViewController.swift in Sources */,
				88788CE728BE10140035CB0F /* GeneralView.swift in Sources */,
				9B66461F28B6457200E6692B /* AppDelegate.swift in Sources */,
				9B66462128B6457200E6692B /* SceneDelegate.swift in Sources */,
			);
			runOnlyForDeploymentPostprocessing = 0;
		};
/* End PBXSourcesBuildPhase section */

/* Begin PBXVariantGroup section */
		9B66462428B6457200E6692B /* Main.storyboard */ = {
			isa = PBXVariantGroup;
			children = (
				9B66462528B6457200E6692B /* Base */,
			);
			name = Main.storyboard;
			sourceTree = "<group>";
		};
		9B66462928B6457500E6692B /* LaunchScreen.storyboard */ = {
			isa = PBXVariantGroup;
			children = (
				9B66462A28B6457500E6692B /* Base */,
			);
			name = LaunchScreen.storyboard;
			sourceTree = "<group>";
		};
/* End PBXVariantGroup section */

/* Begin XCBuildConfiguration section */
		9B66462D28B6457500E6692B /* Debug */ = {
			isa = XCBuildConfiguration;
			buildSettings = {
				ALWAYS_SEARCH_USER_PATHS = NO;
				CLANG_ANALYZER_NONNULL = YES;
				CLANG_ANALYZER_NUMBER_OBJECT_CONVERSION = YES_AGGRESSIVE;
				CLANG_CXX_LANGUAGE_STANDARD = "gnu++17";
				CLANG_ENABLE_MODULES = YES;
				CLANG_ENABLE_OBJC_ARC = YES;
				CLANG_ENABLE_OBJC_WEAK = YES;
				CLANG_WARN_BLOCK_CAPTURE_AUTORELEASING = YES;
				CLANG_WARN_BOOL_CONVERSION = YES;
				CLANG_WARN_COMMA = YES;
				CLANG_WARN_CONSTANT_CONVERSION = YES;
				CLANG_WARN_DEPRECATED_OBJC_IMPLEMENTATIONS = YES;
				CLANG_WARN_DIRECT_OBJC_ISA_USAGE = YES_ERROR;
				CLANG_WARN_DOCUMENTATION_COMMENTS = YES;
				CLANG_WARN_EMPTY_BODY = YES;
				CLANG_WARN_ENUM_CONVERSION = YES;
				CLANG_WARN_INFINITE_RECURSION = YES;
				CLANG_WARN_INT_CONVERSION = YES;
				CLANG_WARN_NON_LITERAL_NULL_CONVERSION = YES;
				CLANG_WARN_OBJC_IMPLICIT_RETAIN_SELF = YES;
				CLANG_WARN_OBJC_LITERAL_CONVERSION = YES;
				CLANG_WARN_OBJC_ROOT_CLASS = YES_ERROR;
				CLANG_WARN_QUOTED_INCLUDE_IN_FRAMEWORK_HEADER = YES;
				CLANG_WARN_RANGE_LOOP_ANALYSIS = YES;
				CLANG_WARN_STRICT_PROTOTYPES = YES;
				CLANG_WARN_SUSPICIOUS_MOVE = YES;
				CLANG_WARN_UNGUARDED_AVAILABILITY = YES_AGGRESSIVE;
				CLANG_WARN_UNREACHABLE_CODE = YES;
				CLANG_WARN__DUPLICATE_METHOD_MATCH = YES;
				COPY_PHASE_STRIP = NO;
				DEBUG_INFORMATION_FORMAT = dwarf;
				ENABLE_STRICT_OBJC_MSGSEND = YES;
				ENABLE_TESTABILITY = YES;
				GCC_C_LANGUAGE_STANDARD = gnu11;
				GCC_DYNAMIC_NO_PIC = NO;
				GCC_NO_COMMON_BLOCKS = YES;
				GCC_OPTIMIZATION_LEVEL = 0;
				GCC_PREPROCESSOR_DEFINITIONS = (
					"DEBUG=1",
					"$(inherited)",
				);
				GCC_WARN_64_TO_32_BIT_CONVERSION = YES;
				GCC_WARN_ABOUT_RETURN_TYPE = YES_ERROR;
				GCC_WARN_UNDECLARED_SELECTOR = YES;
				GCC_WARN_UNINITIALIZED_AUTOS = YES_AGGRESSIVE;
				GCC_WARN_UNUSED_FUNCTION = YES;
				GCC_WARN_UNUSED_VARIABLE = YES;
				IPHONEOS_DEPLOYMENT_TARGET = 15.4;
				MTL_ENABLE_DEBUG_INFO = INCLUDE_SOURCE;
				MTL_FAST_MATH = YES;
				ONLY_ACTIVE_ARCH = YES;
				SDKROOT = iphoneos;
				SWIFT_ACTIVE_COMPILATION_CONDITIONS = DEBUG;
				SWIFT_OPTIMIZATION_LEVEL = "-Onone";
			};
			name = Debug;
		};
		9B66462E28B6457500E6692B /* Release */ = {
			isa = XCBuildConfiguration;
			buildSettings = {
				ALWAYS_SEARCH_USER_PATHS = NO;
				CLANG_ANALYZER_NONNULL = YES;
				CLANG_ANALYZER_NUMBER_OBJECT_CONVERSION = YES_AGGRESSIVE;
				CLANG_CXX_LANGUAGE_STANDARD = "gnu++17";
				CLANG_ENABLE_MODULES = YES;
				CLANG_ENABLE_OBJC_ARC = YES;
				CLANG_ENABLE_OBJC_WEAK = YES;
				CLANG_WARN_BLOCK_CAPTURE_AUTORELEASING = YES;
				CLANG_WARN_BOOL_CONVERSION = YES;
				CLANG_WARN_COMMA = YES;
				CLANG_WARN_CONSTANT_CONVERSION = YES;
				CLANG_WARN_DEPRECATED_OBJC_IMPLEMENTATIONS = YES;
				CLANG_WARN_DIRECT_OBJC_ISA_USAGE = YES_ERROR;
				CLANG_WARN_DOCUMENTATION_COMMENTS = YES;
				CLANG_WARN_EMPTY_BODY = YES;
				CLANG_WARN_ENUM_CONVERSION = YES;
				CLANG_WARN_INFINITE_RECURSION = YES;
				CLANG_WARN_INT_CONVERSION = YES;
				CLANG_WARN_NON_LITERAL_NULL_CONVERSION = YES;
				CLANG_WARN_OBJC_IMPLICIT_RETAIN_SELF = YES;
				CLANG_WARN_OBJC_LITERAL_CONVERSION = YES;
				CLANG_WARN_OBJC_ROOT_CLASS = YES_ERROR;
				CLANG_WARN_QUOTED_INCLUDE_IN_FRAMEWORK_HEADER = YES;
				CLANG_WARN_RANGE_LOOP_ANALYSIS = YES;
				CLANG_WARN_STRICT_PROTOTYPES = YES;
				CLANG_WARN_SUSPICIOUS_MOVE = YES;
				CLANG_WARN_UNGUARDED_AVAILABILITY = YES_AGGRESSIVE;
				CLANG_WARN_UNREACHABLE_CODE = YES;
				CLANG_WARN__DUPLICATE_METHOD_MATCH = YES;
				COPY_PHASE_STRIP = NO;
				DEBUG_INFORMATION_FORMAT = "dwarf-with-dsym";
				ENABLE_NS_ASSERTIONS = NO;
				ENABLE_STRICT_OBJC_MSGSEND = YES;
				GCC_C_LANGUAGE_STANDARD = gnu11;
				GCC_NO_COMMON_BLOCKS = YES;
				GCC_WARN_64_TO_32_BIT_CONVERSION = YES;
				GCC_WARN_ABOUT_RETURN_TYPE = YES_ERROR;
				GCC_WARN_UNDECLARED_SELECTOR = YES;
				GCC_WARN_UNINITIALIZED_AUTOS = YES_AGGRESSIVE;
				GCC_WARN_UNUSED_FUNCTION = YES;
				GCC_WARN_UNUSED_VARIABLE = YES;
				IPHONEOS_DEPLOYMENT_TARGET = 15.4;
				MTL_ENABLE_DEBUG_INFO = NO;
				MTL_FAST_MATH = YES;
				SDKROOT = iphoneos;
				SWIFT_COMPILATION_MODE = wholemodule;
				SWIFT_OPTIMIZATION_LEVEL = "-O";
				VALIDATE_PRODUCT = YES;
			};
			name = Release;
		};
		9B66463028B6457500E6692B /* Debug */ = {
			isa = XCBuildConfiguration;
			baseConfigurationReference = 8A145AF9CA01FCE8E36CA7FC /* Pods-NewRelic App test.debug.xcconfig */;
			buildSettings = {
				ASSETCATALOG_COMPILER_APPICON_NAME = AppIcon;
				ASSETCATALOG_COMPILER_GLOBAL_ACCENT_COLOR_NAME = AccentColor;
				CODE_SIGN_STYLE = Automatic;
				CURRENT_PROJECT_VERSION = 1;
				DEVELOPMENT_TEAM = 3BBSVL8WKD;
				GENERATE_INFOPLIST_FILE = YES;
				INFOPLIST_FILE = "NewRelic App test/Info.plist";
				INFOPLIST_KEY_UIApplicationSupportsIndirectInputEvents = YES;
				INFOPLIST_KEY_UILaunchStoryboardName = LaunchScreen;
				INFOPLIST_KEY_UIMainStoryboardFile = Main;
				INFOPLIST_KEY_UISupportedInterfaceOrientations_iPad = "UIInterfaceOrientationPortrait UIInterfaceOrientationPortraitUpsideDown UIInterfaceOrientationLandscapeLeft UIInterfaceOrientationLandscapeRight";
				INFOPLIST_KEY_UISupportedInterfaceOrientations_iPhone = "UIInterfaceOrientationPortrait UIInterfaceOrientationLandscapeLeft UIInterfaceOrientationLandscapeRight";
				LD_RUNPATH_SEARCH_PATHS = (
					"$(inherited)",
					"@executable_path/Frameworks",
				);
				MARKETING_VERSION = 1.0;
				PRODUCT_BUNDLE_IDENTIFIER = "com.navi.NewRelic.NewRelic-App-test";
				PRODUCT_NAME = "$(TARGET_NAME)";
				SWIFT_EMIT_LOC_STRINGS = YES;
				SWIFT_VERSION = 5.0;
				TARGETED_DEVICE_FAMILY = "1,2";
			};
			name = Debug;
		};
		9B66463128B6457500E6692B /* Release */ = {
			isa = XCBuildConfiguration;
			baseConfigurationReference = 86E8763B0D1A16F99A72955A /* Pods-NewRelic App test.release.xcconfig */;
			buildSettings = {
				ASSETCATALOG_COMPILER_APPICON_NAME = AppIcon;
				ASSETCATALOG_COMPILER_GLOBAL_ACCENT_COLOR_NAME = AccentColor;
				CODE_SIGN_STYLE = Automatic;
				CURRENT_PROJECT_VERSION = 1;
				DEVELOPMENT_TEAM = 3BBSVL8WKD;
				GENERATE_INFOPLIST_FILE = YES;
				INFOPLIST_FILE = "NewRelic App test/Info.plist";
				INFOPLIST_KEY_UIApplicationSupportsIndirectInputEvents = YES;
				INFOPLIST_KEY_UILaunchStoryboardName = LaunchScreen;
				INFOPLIST_KEY_UIMainStoryboardFile = Main;
				INFOPLIST_KEY_UISupportedInterfaceOrientations_iPad = "UIInterfaceOrientationPortrait UIInterfaceOrientationPortraitUpsideDown UIInterfaceOrientationLandscapeLeft UIInterfaceOrientationLandscapeRight";
				INFOPLIST_KEY_UISupportedInterfaceOrientations_iPhone = "UIInterfaceOrientationPortrait UIInterfaceOrientationLandscapeLeft UIInterfaceOrientationLandscapeRight";
				LD_RUNPATH_SEARCH_PATHS = (
					"$(inherited)",
					"@executable_path/Frameworks",
				);
				MARKETING_VERSION = 1.0;
				PRODUCT_BUNDLE_IDENTIFIER = "com.navi.NewRelic.NewRelic-App-test";
				PRODUCT_NAME = "$(TARGET_NAME)";
				SWIFT_EMIT_LOC_STRINGS = YES;
				SWIFT_VERSION = 5.0;
				TARGETED_DEVICE_FAMILY = "1,2";
			};
			name = Release;
		};
/* End XCBuildConfiguration section */

/* Begin XCConfigurationList section */
		9B66461628B6457200E6692B /* Build configuration list for PBXProject "NewRelic App test" */ = {
			isa = XCConfigurationList;
			buildConfigurations = (
				9B66462D28B6457500E6692B /* Debug */,
				9B66462E28B6457500E6692B /* Release */,
			);
			defaultConfigurationIsVisible = 0;
			defaultConfigurationName = Release;
		};
		9B66462F28B6457500E6692B /* Build configuration list for PBXNativeTarget "NewRelic App test" */ = {
			isa = XCConfigurationList;
			buildConfigurations = (
				9B66463028B6457500E6692B /* Debug */,
				9B66463128B6457500E6692B /* Release */,
			);
			defaultConfigurationIsVisible = 0;
			defaultConfigurationName = Release;
		};
/* End XCConfigurationList section */
	};
	rootObject = 9B66461328B6457200E6692B /* Project object */;
}
